
Microsoft Visual Studio Solution File, Format Version 12.00
# Visual Studio Version 17
VisualStudioVersion = 17.0.31903.59
MinimumVisualStudioVersion = 10.0.40219.1
Project("{FAE04EC0-301F-11D3-BF4B-00C04F79EFBC}") = "pos_simulator", "pos_simulator\pos_simulator.csproj", "{E6FB4A35-A4C9-4E42-93EA-A11BE37D2716}"
EndProject
Project("{FAE04EC0-301F-11D3-BF4B-00C04F79EFBC}") = "dynamic_pass", "dynamic_pass\dynamic_pass.csproj", "{7F236426-0D80-47AB-870D-D1DF1E425693}"
EndProject
Global
	GlobalSection(SolutionConfigurationPlatforms) = preSolution
		Debug|Any CPU = Debug|Any CPU
		Release|Any CPU = Release|Any CPU
	EndGlobalSection
	GlobalSection(SolutionProperties) = preSolution
		HideSolutionNode = FALSE
	EndGlobalSection
	GlobalSection(ProjectConfigurationPlatforms) = postSolution
		{E6FB4A35-A4C9-4E42-93EA-A11BE37D2716}.Debug|Any CPU.ActiveCfg = Debug|Any CPU
		{E6FB4A35-A4C9-4E42-93EA-A11BE37D2716}.Debug|Any CPU.Build.0 = Debug|Any CPU
		{E6FB4A35-A4C9-4E42-93EA-A11BE37D2716}.Release|Any CPU.ActiveCfg = Release|Any CPU
		{E6FB4A35-A4C9-4E42-93EA-A11BE37D2716}.Release|Any CPU.Build.0 = Release|Any CPU
		{7F236426-0D80-47AB-870D-D1DF1E425693}.Debug|Any CPU.ActiveCfg = Debug|Any CPU
		{7F236426-0D80-47AB-870D-D1DF1E425693}.Debug|Any CPU.Build.0 = Debug|Any CPU
		{7F236426-0D80-47AB-870D-D1DF1E425693}.Release|Any CPU.ActiveCfg = Release|Any CPU
		{7F236426-0D80-47AB-870D-D1DF1E425693}.Release|Any CPU.Build.0 = Release|Any CPU
	EndGlobalSection
EndGlobal
